
Microsoft Visual Studio Solution File, Format Version 12.00
# Visual Studio Version 17
VisualStudioVersion = 17.1.32414.318
MinimumVisualStudioVersion = 10.0.40219.1
Project("{FAE04EC0-301F-11D3-BF4B-00C04F79EFBC}") = "pleanrioASP", "pleanrioASP\pleanrioASP.csproj", "{F9CC3367-5A22-4ABE-94FA-EE61AB5E6AD1}"
EndProject
Global
	GlobalSection(SolutionConfigurationPlatforms) = preSolution
		Debug|Any CPU = Debug|Any CPU
		Release|Any CPU = Release|Any CPU
	EndGlobalSection
	GlobalSection(ProjectConfigurationPlatforms) = postSolution
		{F9CC3367-5A22-4ABE-94FA-EE61AB5E6AD1}.Debug|Any CPU.ActiveCfg = Debug|Any CPU
		{F9CC3367-5A22-4ABE-94FA-EE61AB5E6AD1}.Debug|Any CPU.Build.0 = Debug|Any CPU
		{F9CC3367-5A22-4ABE-94FA-EE61AB5E6AD1}.Release|Any CPU.ActiveCfg = Release|Any CPU
		{F9CC3367-5A22-4ABE-94FA-EE61AB5E6AD1}.Release|Any CPU.Build.0 = Release|Any CPU
	EndGlobalSection
	GlobalSection(SolutionProperties) = preSolution
		HideSolutionNode = FALSE
	EndGlobalSection
	GlobalSection(ExtensibilityGlobals) = postSolution
		SolutionGuid = {29E083A2-C11F-445D-A5DD-97B7CBF3D2DF}
	EndGlobalSection
EndGlobal
